
Microsoft Visual Studio Solution File, Format Version 12.00
# Visual Studio Version 17
VisualStudioVersion = 17.0.32112.339
MinimumVisualStudioVersion = 10.0.40219.1
Project("{FAE04EC0-301F-11D3-BF4B-00C04F79EFBC}") = "LanguageDesign", "LanguageDesign\LanguageDesign.csproj", "{854C4961-A043-42CB-B728-1259A9C4D7FC}"
EndProject
Global
	GlobalSection(SolutionConfigurationPlatforms) = preSolution
		Debug|Any CPU = Debug|Any CPU
		Release|Any CPU = Release|Any CPU
	EndGlobalSection
	GlobalSection(ProjectConfigurationPlatforms) = postSolution
		{854C4961-A043-42CB-B728-1259A9C4D7FC}.Debug|Any CPU.ActiveCfg = Debug|Any CPU
		{854C4961-A043-42CB-B728-1259A9C4D7FC}.Debug|Any CPU.Build.0 = Debug|Any CPU
		{854C4961-A043-42CB-B728-1259A9C4D7FC}.Release|Any CPU.ActiveCfg = Release|Any CPU
		{854C4961-A043-42CB-B728-1259A9C4D7FC}.Release|Any CPU.Build.0 = Release|Any CPU
	EndGlobalSection
	GlobalSection(SolutionProperties) = preSolution
		HideSolutionNode = FALSE
	EndGlobalSection
	GlobalSection(ExtensibilityGlobals) = postSolution
		SolutionGuid = {D50D1CDF-2B9B-4F64-8D7E-4E218D4397B4}
	EndGlobalSection
EndGlobal
